
Microsoft Visual Studio Solution File, Format Version 12.00
# Visual Studio Version 17
VisualStudioVersion = 17.6.33829.357
MinimumVisualStudioVersion = 10.0.40219.1
Project("{FAE04EC0-301F-11D3-BF4B-00C04F79EFBC}") = "BuscaDeLinguagens1", "BuscaDeLinguagens1.csproj", "{76A29319-865E-4FD4-BC80-BC9BA369818D}"
EndProject
Global
	GlobalSection(SolutionConfigurationPlatforms) = preSolution
		Debug|Any CPU = Debug|Any CPU
		Release|Any CPU = Release|Any CPU
	EndGlobalSection
	GlobalSection(ProjectConfigurationPlatforms) = postSolution
		{76A29319-865E-4FD4-BC80-BC9BA369818D}.Debug|Any CPU.ActiveCfg = Debug|Any CPU
		{76A29319-865E-4FD4-BC80-BC9BA369818D}.Debug|Any CPU.Build.0 = Debug|Any CPU
		{76A29319-865E-4FD4-BC80-BC9BA369818D}.Release|Any CPU.ActiveCfg = Release|Any CPU
		{76A29319-865E-4FD4-BC80-BC9BA369818D}.Release|Any CPU.Build.0 = Release|Any CPU
	EndGlobalSection
	GlobalSection(SolutionProperties) = preSolution
		HideSolutionNode = FALSE
	EndGlobalSection
	GlobalSection(ExtensibilityGlobals) = postSolution
		SolutionGuid = {848B9538-E739-48D2-A005-239A024A000B}
	EndGlobalSection
EndGlobal
